Settings:
  DistanceToOutArea: 3
  TimeToSearch: 4
  LevelAmount: 15
  MinPlayers: 2
  MaxPlayers: 20
  LobbyCountdown: 30
  TimeReductionPerLevel: 0.5
  TimeModifier: 0.1
  Enabled: true
  EnableParticles: true
  EnableLightnings: true
  AutoRestart: false
  AutoKick: false
  EnableBoosts: true
  EnableFallingBlocks: false
  UseAutoGeneratedFloors: true
  UsePatternFloors: true
  EnableActionbarInfo: true
  UseNoteBlockSongs: false
  UseWebSongs: true
  EnableFireworksOnWin: true
  TimerResetOnPlayerJoin: false
  AllowJoinDuringGame: true
  EnableScoreboard: false
  EnableJoinMessage: true
  EnableSpectatorMode: false
  EnableVoteItem: true
  Name: block
  SongManager:
  - Dynamite.mp3
  Signs: []
  LobbySpawn:
    World: block
    X: -29.321027905057583
    Y: 20.0
    Z: -51.93434150482645
    Yaw: 91.04834
    Pitch: -2.2500465
  Floor:
    A:
      World: block
      X: -96.0
      Y: 17.0
      Z: -76.0
      Yaw: 0.0
      Pitch: 0.0
    B:
      World: block
      X: -49.0
      Y: 17.0
      Z: -29.0
      Yaw: 0.0
      Pitch: 0.0
    Patterns:
    - '1'
    - '2'
    - '3'
    - '4'
    - '5'
    - '6'
    Width: 48.0
    Length: 48.0
  GameSpawn:
    World: block
    X: -71.64180846577774
    Y: 18.0
    Z: -50.47723063359018
    Yaw: -87.89973
    Pitch: 2.999985
